
Microsoft Visual Studio Solution File, Format Version 12.00
# Visual Studio Version 17
VisualStudioVersion = 17.14.36109.1 d17.14
MinimumVisualStudioVersion = 10.0.40219.1
Project("{FAE04EC0-301F-11D3-BF4B-00C04F79EFBC}") = "Honours Project - Competency and Skill tracking", "Honours Project - Competency and Skill tracking.csproj", "{2DFF570F-A2DD-4909-A7F7-FD5837BEA548}"
EndProject
Global
	GlobalSection(SolutionConfigurationPlatforms) = preSolution
		Debug|Any CPU = Debug|Any CPU
		Release|Any CPU = Release|Any CPU
	EndGlobalSection
	GlobalSection(ProjectConfigurationPlatforms) = postSolution
		{2DFF570F-A2DD-4909-A7F7-FD5837BEA548}.Debug|Any CPU.ActiveCfg = Debug|Any CPU
		{2DFF570F-A2DD-4909-A7F7-FD5837BEA548}.Debug|Any CPU.Build.0 = Debug|Any CPU
		{2DFF570F-A2DD-4909-A7F7-FD5837BEA548}.Release|Any CPU.ActiveCfg = Release|Any CPU
		{2DFF570F-A2DD-4909-A7F7-FD5837BEA548}.Release|Any CPU.Build.0 = Release|Any CPU
	EndGlobalSection
	GlobalSection(SolutionProperties) = preSolution
		HideSolutionNode = FALSE
	EndGlobalSection
	GlobalSection(ExtensibilityGlobals) = postSolution
		SolutionGuid = {3D8F0565-5758-4308-9CE6-6F0F8A8AABB4}
	EndGlobalSection
EndGlobal
